
Microsoft Visual Studio Solution File, Format Version 12.00
# Visual Studio 15
VisualStudioVersion = 15.0.28307.1169
MinimumVisualStudioVersion = 10.0.40219.1
Project("{FAE04EC0-301F-11D3-BF4B-00C04F79EFBC}") = "OpenCVCircle", "OpenCVCircle\OpenCVCircle.csproj", "{5C7AFBA0-D43A-49BD-A928-FDCC6BE0E021}"
EndProject
Global
	GlobalSection(SolutionConfigurationPlatforms) = preSolution
		Debug|Any CPU = Debug|Any CPU
		Release|Any CPU = Release|Any CPU
	EndGlobalSection
	GlobalSection(ProjectConfigurationPlatforms) = postSolution
		{5C7AFBA0-D43A-49BD-A928-FDCC6BE0E021}.Debug|Any CPU.ActiveCfg = Debug|Any CPU
		{5C7AFBA0-D43A-49BD-A928-FDCC6BE0E021}.Debug|Any CPU.Build.0 = Debug|Any CPU
		{5C7AFBA0-D43A-49BD-A928-FDCC6BE0E021}.Release|Any CPU.ActiveCfg = Release|Any CPU
		{5C7AFBA0-D43A-49BD-A928-FDCC6BE0E021}.Release|Any CPU.Build.0 = Release|Any CPU
	EndGlobalSection
	GlobalSection(SolutionProperties) = preSolution
		HideSolutionNode = FALSE
	EndGlobalSection
	GlobalSection(ExtensibilityGlobals) = postSolution
		SolutionGuid = {4BE0E126-1C74-4C19-A642-5D0E640AA2F5}
	EndGlobalSection
EndGlobal
